
Microsoft Visual Studio Solution File, Format Version 12.00
# Visual Studio Version 17
VisualStudioVersion = 17.5.002.0
MinimumVisualStudioVersion = 10.0.40219.1
Project("{9A19103F-16F7-4668-BE54-9A1E7A4F7556}") = "runner", "runner\runner.csproj", "{6A964A10-E1BD-429E-848B-042348198A21}"
EndProject
Global
	GlobalSection(SolutionConfigurationPlatforms) = preSolution
		Debug|Any CPU = Debug|Any CPU
		Release|Any CPU = Release|Any CPU
	EndGlobalSection
	GlobalSection(ProjectConfigurationPlatforms) = postSolution
		{6A964A10-E1BD-429E-848B-042348198A21}.Debug|Any CPU.ActiveCfg = Debug|Any CPU
		{6A964A10-E1BD-429E-848B-042348198A21}.Debug|Any CPU.Build.0 = Debug|Any CPU
		{6A964A10-E1BD-429E-848B-042348198A21}.Release|Any CPU.ActiveCfg = Release|Any CPU
		{6A964A10-E1BD-429E-848B-042348198A21}.Release|Any CPU.Build.0 = Release|Any CPU
	EndGlobalSection
	GlobalSection(SolutionProperties) = preSolution
		HideSolutionNode = FALSE
	EndGlobalSection
	GlobalSection(ExtensibilityGlobals) = postSolution
		SolutionGuid = {EE015D54-C548-427D-A68E-741D22ACCA6E}
	EndGlobalSection
EndGlobal
